90393f7a47e9fb6d98988945eaba46a07747c4131f8c92cb239533c04b23d31a82a9305204b39f6fa92e7348020f68eb897213ae1c32708c478b7f409ebb2b3e  build/deps/mustache
ff47467fc04e50c445f27aae34f4ef91d6e450a03876e05408ae74a0cd8840ef4967404db00b2e24eeff2f2a4dc23e0bfad9aea7980b4b294cd1c2eb03092265  build/deps/mustache_1.3.0_linux_amd64.tar.gz
2ca1bcf6dc18bd166327c46ed0ebac68584247d1674f7673964d784c77bf04ebcb8a70ebbe614b878a2ae8893d3d21ab890bc98a99abb11c03fa8bcdcfd217a9  build/deps/OldUnreal-UTPatch469b-Linux.tar.bz2
dda1dde2e632d64efb424e0eff70e017c4d3be9e5df7b5e6511d0b347fa8ef0458e406732f9063921277e673eddc333a6dc09ddb3a891831597a8c0cb6093b13  build/deps/ut-server-linux-436.tar.gz
